
Microsoft Visual Studio Solution File, Format Version 12.00
# Visual Studio 15
VisualStudioVersion = 15.0.27428.2037
MinimumVisualStudioVersion = 10.0.40219.1
Project("{FAE04EC0-301F-11D3-BF4B-00C04F79EFBC}") = "autobentley1.WebApp", "autobentley1.WebApp\autobentley1.WebApp.csproj", "{91FE25B6-ECBB-41BD-8B6F-3E27A0071C85}"
EndProject
Project("{FAE04EC0-301F-11D3-BF4B-00C04F79EFBC}") = "autobentley1.Entities", "autobentley1.Entities\autobentley1.Entities.csproj", "{891947FB-DFCF-4329-90D6-8A7A12DC7A74}"
EndProject
Project("{FAE04EC0-301F-11D3-BF4B-00C04F79EFBC}") = "autobentley1.DataAccessLayer", "autobentley1.DataAccessLayer\autobentley1.DataAccessLayer.csproj", "{3061E258-A9EC-49CD-9528-1561E807E56E}"
EndProject
Global
	GlobalSection(SolutionConfigurationPlatforms) = preSolution
		Debug|Any CPU = Debug|Any CPU
		Release|Any CPU = Release|Any CPU
	EndGlobalSection
	GlobalSection(ProjectConfigurationPlatforms) = postSolution
		{91FE25B6-ECBB-41BD-8B6F-3E27A0071C85}.Debug|Any CPU.ActiveCfg = Debug|Any CPU
		{91FE25B6-ECBB-41BD-8B6F-3E27A0071C85}.Debug|Any CPU.Build.0 = Debug|Any CPU
		{91FE25B6-ECBB-41BD-8B6F-3E27A0071C85}.Release|Any CPU.ActiveCfg = Release|Any CPU
		{91FE25B6-ECBB-41BD-8B6F-3E27A0071C85}.Release|Any CPU.Build.0 = Release|Any CPU
		{891947FB-DFCF-4329-90D6-8A7A12DC7A74}.Debug|Any CPU.ActiveCfg = Debug|Any CPU
		{891947FB-DFCF-4329-90D6-8A7A12DC7A74}.Debug|Any CPU.Build.0 = Debug|Any CPU
		{891947FB-DFCF-4329-90D6-8A7A12DC7A74}.Release|Any CPU.ActiveCfg = Release|Any CPU
		{891947FB-DFCF-4329-90D6-8A7A12DC7A74}.Release|Any CPU.Build.0 = Release|Any CPU
		{3061E258-A9EC-49CD-9528-1561E807E56E}.Debug|Any CPU.ActiveCfg = Debug|Any CPU
		{3061E258-A9EC-49CD-9528-1561E807E56E}.Debug|Any CPU.Build.0 = Debug|Any CPU
		{3061E258-A9EC-49CD-9528-1561E807E56E}.Release|Any CPU.ActiveCfg = Release|Any CPU
		{3061E258-A9EC-49CD-9528-1561E807E56E}.Release|Any CPU.Build.0 = Release|Any CPU
	EndGlobalSection
	GlobalSection(SolutionProperties) = preSolution
		HideSolutionNode = FALSE
	EndGlobalSection
	GlobalSection(ExtensibilityGlobals) = postSolution
		SolutionGuid = {8A2333D9-125D-49C3-9985-F677C3303AC4}
	EndGlobalSection
EndGlobal
